{
  "originHash" : "246016418b3a97769fe14cf731236801c09eaaacb2ca1a069d71513d34bcf88f",
  "pins" : [
    {
      "identity" : "swift-async-algorithms",
      "kind" : "remoteSourceControl",
      "location" : "https://github.com/apple/swift-async-algorithms",
      "state" : {
        "branch" : "main",
        "revision" : "6ae9a051f76b81cc668305ceed5b0e0a7fd93d20"
      }
    },
    {
      "identity" : "swift-collections",
      "kind" : "remoteSourceControl",
      "location" : "https://github.com/apple/swift-collections.git",
      "state" : {
        "revision" : "94cf62b3ba8d4bed62680a282d4c25f9c63c2efb",
        "version" : "1.1.0"
      }
    }
  ],
  "version" : 3
}
